{
  "lockfile_version": "1",
  "packages": {
    "github:NixOS/nixpkgs/nixpkgs-unstable": {
      "last_modified": "2025-04-13T09:22:33Z",
      "resolved": "github:NixOS/nixpkgs/18dd725c29603f582cf1900e0d25f9f1063dbf11?lastModified=1744536153&narHash=sha256-awS2zRgF4uTwrOKwwiJcByDzDOdo3Q1rPZbiHQg%2FN38%3D"
    },
    "k3d@5.8.3": {
      "last_modified": "2025-04-17T05:47:26Z",
      "resolved": "github:NixOS/nixpkgs/ebe4301cbd8f81c4f8d3244b3632338bbeb6d49c#k3d",
      "source": "devbox-search",
      "version": "5.8.3",
      "systems": {
        "aarch64-darwin": {
          "outputs": [
            {
              "name": "out",
              "path": "/nix/store/zsl55ckp0cix572mj5zs5x88655838d3-k3d-5.8.3",
              "default": true
            }
          ],
          "store_path": "/nix/store/zsl55ckp0cix572mj5zs5x88655838d3-k3d-5.8.3"
        },
        "aarch64-linux": {
          "outputs": [
            {
              "name": "out",
              "path": "/nix/store/0g7hgmwpghs2m676iaf7p8qx2yv7yszv-k3d-5.8.3",
              "default": true
            }
          ],
          "store_path": "/nix/store/0g7hgmwpghs2m676iaf7p8qx2yv7yszv-k3d-5.8.3"
        },
        "x86_64-darwin": {
          "outputs": [
            {
              "name": "out",
              "path": "/nix/store/9s7jg5hvwsf6n12x8zh5cas5kdd7qq0h-k3d-5.8.3",
              "default": true
            }
          ],
          "store_path": "/nix/store/9s7jg5hvwsf6n12x8zh5cas5kdd7qq0h-k3d-5.8.3"
        },
        "x86_64-linux": {
          "outputs": [
            {
              "name": "out",
              "path": "/nix/store/6y3l4kd1xb779n7y2fphikbqk2p4f2jz-k3d-5.8.3",
              "default": true
            }
          ],
          "store_path": "/nix/store/6y3l4kd1xb779n7y2fphikbqk2p4f2jz-k3d-5.8.3"
        }
      }
    },
    "kubectl@1.33.0": {
      "last_modified": "2025-05-12T14:38:58Z",
      "resolved": "github:NixOS/nixpkgs/eaeed9530c76ce5f1d2d8232e08bec5e26f18ec1#kubectl",
      "source": "devbox-search",
      "version": "1.33.0",
      "systems": {
        "aarch64-darwin": {
          "outputs": [
            {
              "name": "out",
              "path": "/nix/store/5k5czmwrdmbwbi8rsl15cdhb54x9mi4k-kubectl-1.33.0",
              "default": true
            },
            {
              "name": "man",
              "path": "/nix/store/kha6fhqcqpl0cpazkz52y885zni2afnx-kubectl-1.33.0-man",
              "default": true
            },
            {
              "name": "convert",
              "path": "/nix/store/f607p0xxyvqmf48310avrngxzxi2wk92-kubectl-1.33.0-convert"
            }
          ],
          "store_path": "/nix/store/5k5czmwrdmbwbi8rsl15cdhb54x9mi4k-kubectl-1.33.0"
        },
        "aarch64-linux": {
          "outputs": [
            {
              "name": "out",
              "path": "/nix/store/7zg6c6ia3qvpl90xdpf8ky2wn2kcg42h-kubectl-1.33.0",
              "default": true
            },
            {
              "name": "man",
              "path": "/nix/store/4jh2hs3iawrsfbsih2ddzr42gbhbyixc-kubectl-1.33.0-man",
              "default": true
            },
            {
              "name": "convert",
              "path": "/nix/store/krdav16jc0jvrgpivgwyprkrpvfsmk5n-kubectl-1.33.0-convert"
            }
          ],
          "store_path": "/nix/store/7zg6c6ia3qvpl90xdpf8ky2wn2kcg42h-kubectl-1.33.0"
        },
        "x86_64-darwin": {
          "outputs": [
            {
              "name": "out",
              "path": "/nix/store/n8ip376v5r44s5h8cms7lsq0c8h4i1sc-kubectl-1.33.0",
              "default": true
            },
            {
              "name": "man",
              "path": "/nix/store/cl19l51iani6wk87yc01iqy3sq3rjkg5-kubectl-1.33.0-man",
              "default": true
            },
            {
              "name": "convert",
              "path": "/nix/store/m86c5vfd14rizpsibmfx234bsxh89739-kubectl-1.33.0-convert"
            }
          ],
          "store_path": "/nix/store/n8ip376v5r44s5h8cms7lsq0c8h4i1sc-kubectl-1.33.0"
        },
        "x86_64-linux": {
          "outputs": [
            {
              "name": "out",
              "path": "/nix/store/9rn354l23mr9kh840kn94c3p9bns4wd4-kubectl-1.33.0",
              "default": true
            },
            {
              "name": "man",
              "path": "/nix/store/sakg9rw3pdg0d0pbpjizvy8vcyydqxrc-kubectl-1.33.0-man",
              "default": true
            },
            {
              "name": "convert",
              "path": "/nix/store/8bs481ic0gwaa5m3qz6hqzxrxnskv3zw-kubectl-1.33.0-convert"
            }
          ],
          "store_path": "/nix/store/9rn354l23mr9kh840kn94c3p9bns4wd4-kubectl-1.33.0"
        }
      }
    },
    "kubernetes-helm@3.17.3": {
      "last_modified": "2025-05-12T14:38:58Z",
      "resolved": "github:NixOS/nixpkgs/eaeed9530c76ce5f1d2d8232e08bec5e26f18ec1#kubernetes-helm",
      "source": "devbox-search",
      "version": "3.17.3",
      "systems": {
        "aarch64-darwin": {
          "outputs": [
            {
              "name": "out",
              "path": "/nix/store/73jhsnvy9q0sxihb6376759fc0hwmisp-kubernetes-helm-3.17.3",
              "default": true
            }
          ],
          "store_path": "/nix/store/73jhsnvy9q0sxihb6376759fc0hwmisp-kubernetes-helm-3.17.3"
        },
        "aarch64-linux": {
          "outputs": [
            {
              "name": "out",
              "path": "/nix/store/fg2mqhpshjyr0dhpgq5lb1vp7n3gx28a-kubernetes-helm-3.17.3",
              "default": true
            }
          ],
          "store_path": "/nix/store/fg2mqhpshjyr0dhpgq5lb1vp7n3gx28a-kubernetes-helm-3.17.3"
        },
        "x86_64-darwin": {
          "outputs": [
            {
              "name": "out",
              "path": "/nix/store/xp6g2jc5pr1w0n1y7r912znc9d8gdj9x-kubernetes-helm-3.17.3",
              "default": true
            }
          ],
          "store_path": "/nix/store/xp6g2jc5pr1w0n1y7r912znc9d8gdj9x-kubernetes-helm-3.17.3"
        },
        "x86_64-linux": {
          "outputs": [
            {
              "name": "out",
              "path": "/nix/store/q55vhgsdzdp5spag22g7i0cn00knb4ki-kubernetes-helm-3.17.3",
              "default": true
            }
          ],
          "store_path": "/nix/store/q55vhgsdzdp5spag22g7i0cn00knb4ki-kubernetes-helm-3.17.3"
        }
      }
    },
    "nodejs@23.11.0": {
      "last_modified": "2025-05-04T22:22:57Z",
      "plugin_version": "0.0.2",
      "resolved": "github:NixOS/nixpkgs/ed30f8aba41605e3ab46421e3dcb4510ec560ff8#nodejs_23",
      "source": "devbox-search",
      "version": "23.11.0",
      "systems": {
        "aarch64-darwin": {
          "outputs": [
            {
              "name": "out",
              "path": "/nix/store/gdh7lnl6ksw2s9j65ah0jnr93cypq0zr-nodejs-23.11.0",
              "default": true
            },
            {
              "name": "libv8",
              "path": "/nix/store/yf4hi5pps1ciplvlrfdvmzdyv0z24l2x-nodejs-23.11.0-libv8"
            },
            {
              "name": "dev",
              "path": "/nix/store/g1c4jg5r4x6jg3zpirgmw9na2swv94sw-nodejs-23.11.0-dev"
            }
          ],
          "store_path": "/nix/store/gdh7lnl6ksw2s9j65ah0jnr93cypq0zr-nodejs-23.11.0"
        },
        "aarch64-linux": {
          "outputs": [
            {
              "name": "out",
              "path": "/nix/store/x7ivilhxy8gf1ikriff5xif8pg54jvgr-nodejs-23.11.0",
              "default": true
            },
            {
              "name": "dev",
              "path": "/nix/store/n1n2gq6vnvfi5z7cpbg3gp8256wlz089-nodejs-23.11.0-dev"
            },
            {
              "name": "libv8",
              "path": "/nix/store/86qhml3ncl7i4mib7yavcikacnrixsv2-nodejs-23.11.0-libv8"
            }
          ],
          "store_path": "/nix/store/x7ivilhxy8gf1ikriff5xif8pg54jvgr-nodejs-23.11.0"
        },
        "x86_64-darwin": {
          "outputs": [
            {
              "name": "out",
              "path": "/nix/store/bnv40f11mj4yqshylgyw4vp12vh451hb-nodejs-23.11.0",
              "default": true
            },
            {
              "name": "dev",
              "path": "/nix/store/5xkwl34mg1acklqwmm00zj04k235pkvg-nodejs-23.11.0-dev"
            },
            {
              "name": "libv8",
              "path": "/nix/store/s8k6rdbs4m8nkqq478mvq1xf4jlfhjrj-nodejs-23.11.0-libv8"
            }
          ],
          "store_path": "/nix/store/bnv40f11mj4yqshylgyw4vp12vh451hb-nodejs-23.11.0"
        },
        "x86_64-linux": {
          "outputs": [
            {
              "name": "out",
              "path": "/nix/store/farnym67jl2brs97ihsvziz7gm0yq26l-nodejs-23.11.0",
              "default": true
            },
            {
              "name": "libv8",
              "path": "/nix/store/3kx3gj5ix8nsp63kh3nkvxzbqcic85wx-nodejs-23.11.0-libv8"
            },
            {
              "name": "dev",
              "path": "/nix/store/37nmva83fc0idfd0xk7rq61zgxg0ywab-nodejs-23.11.0-dev"
            }
          ],
          "store_path": "/nix/store/farnym67jl2brs97ihsvziz7gm0yq26l-nodejs-23.11.0"
        }
      }
    },
    "pnpm@10.10.0": {
      "last_modified": "2025-05-12T14:38:58Z",
      "resolved": "github:NixOS/nixpkgs/eaeed9530c76ce5f1d2d8232e08bec5e26f18ec1#pnpm",
      "source": "devbox-search",
      "version": "10.10.0",
      "systems": {
        "aarch64-darwin": {
          "outputs": [
            {
              "name": "out",
              "path": "/nix/store/8vqcy9wwh1vrcvhkpbw3pjjd328gdax5-pnpm-10.10.0",
              "default": true
            }
          ],
          "store_path": "/nix/store/8vqcy9wwh1vrcvhkpbw3pjjd328gdax5-pnpm-10.10.0"
        },
        "aarch64-linux": {
          "outputs": [
            {
              "name": "out",
              "path": "/nix/store/576c2i3jcn5k71paz9kgv27x6kdcsxsr-pnpm-10.10.0",
              "default": true
            }
          ],
          "store_path": "/nix/store/576c2i3jcn5k71paz9kgv27x6kdcsxsr-pnpm-10.10.0"
        },
        "x86_64-darwin": {
          "outputs": [
            {
              "name": "out",
              "path": "/nix/store/lyqapp4z7imvc9qsc0qmp732n94aq3yv-pnpm-10.10.0",
              "default": true
            }
          ],
          "store_path": "/nix/store/lyqapp4z7imvc9qsc0qmp732n94aq3yv-pnpm-10.10.0"
        },
        "x86_64-linux": {
          "outputs": [
            {
              "name": "out",
              "path": "/nix/store/7ckrgzv1r5wn6qfqgd6k40wp8bqy5di6-pnpm-10.10.0",
              "default": true
            }
          ],
          "store_path": "/nix/store/7ckrgzv1r5wn6qfqgd6k40wp8bqy5di6-pnpm-10.10.0"
        }
      }
    }
  }
}
